// !$*UTF8*$!
{
	archiveVersion = 1;
	classes = {
	};
	objectVersion = 50;
	objects = {

/* Begin PBXBuildFile section */
		30AF6C6B233DAD57006E3A2F /* AppDelegate.swift in Sources */ = {isa = PBXBuildFile; fileRef = 30AF6C6A233DAD57006E3A2F /* AppDelegate.swift */; };
		30AF6C6D233DAD57006E3A2F /* SceneDelegate.swift in Sources */ = {isa = PBXBuildFile; fileRef = 30AF6C6C233DAD57006E3A2F /* SceneDelegate.swift */; };
		30AF6C6F233DAD57006E3A2F /* ContentView.swift in Sources */ = {isa = PBXBuildFile; fileRef = 30AF6C6E233DAD57006E3A2F /* ContentView.swift */; };
		30AF6C71233DAD59006E3A2F /* Assets.xcassets in Resources */ = {isa = PBXBuildFile; fileRef = 30AF6C70233DAD59006E3A2F /* Assets.xcassets */; };
		30AF6C74233DAD59006E3A2F /* Preview Assets.xcassets in Resources */ = {isa = PBXBuildFile; fileRef = 30AF6C73233DAD59006E3A2F /* Preview Assets.xcassets */; };
		30AF6C77233DAD59006E3A2F /* LaunchScreen.storyboard in Resources */ = {isa = PBXBuildFile; fileRef = 30AF6C75233DAD59006E3A2F /* LaunchScreen.storyboard */; };
		30AF6C82233DAD5A006E3A2F /* im_iosTests.swift in Sources */ = {isa = PBXBuildFile; fileRef = 30AF6C81233DAD5A006E3A2F /* im_iosTests.swift */; };
		30AF6C8D233DAD5A006E3A2F /* im_iosUITests.swift in Sources */ = {isa = PBXBuildFile; fileRef = 30AF6C8C233DAD5A006E3A2F /* im_iosUITests.swift */; };
/* End PBXBuildFile section */

/* Begin PBXContainerItemProxy section */
		30AF6C7E233DAD59006E3A2F /* PBXContainerItemProxy */ = {
			isa = PBXContainerItemProxy;
			containerPortal = 30AF6C5F233DAD57006E3A2F /* Project object */;
			proxyType = 1;
			remoteGlobalIDString = 30AF6C66233DAD57006E3A2F;
			remoteInfo = "im-ios";
		};
		30AF6C89233DAD5A006E3A2F /* PBXContainerItemProxy */ = {
			isa = PBXContainerItemProxy;
			containerPortal = 30AF6C5F233DAD57006E3A2F /* Project object */;
			proxyType = 1;
			remoteGlobalIDString = 30AF6C66233DAD57006E3A2F;
			remoteInfo = "im-ios";
		};
/* End PBXContainerItemProxy section */

/* Begin PBXFileReference section */
		30AF6C67233DAD57006E3A2F /* im-ios.app */ = {isa = PBXFileReference; explicitFileType = wrapper.application; includeInIndex = 0; path = "im-ios.app"; sourceTree = BUILT_PRODUCTS_DIR; };
		30AF6C6A233DAD57006E3A2F /* AppDelegate.swift */ = {isa = PBXFileReference; lastKnownFileType = sourcecode.swift; path = AppDelegate.swift; sourceTree = "<group>"; };
		30AF6C6C233DAD57006E3A2F /* SceneDelegate.swift */ = {isa = PBXFileReference; lastKnownFileType = sourcecode.swift; path = SceneDelegate.swift; sourceTree = "<group>"; };
		30AF6C6E233DAD57006E3A2F /* ContentView.swift */ = {isa = PBXFileReference; lastKnownFileType = sourcecode.swift; path = ContentView.swift; sourceTree = "<group>"; };
		30AF6C70233DAD59006E3A2F /* Assets.xcassets */ = {isa = PBXFileReference; lastKnownFileType = folder.assetcatalog; path = Assets.xcassets; sourceTree = "<group>"; };
		30AF6C73233DAD59006E3A2F /* Preview Assets.xcassets */ = {isa = PBXFileReference; lastKnownFileType = folder.assetcatalog; path = "Preview Assets.xcassets"; sourceTree = "<group>"; };
		30AF6C76233DAD59006E3A2F /* Base */ = {isa = PBXFileReference; lastKnownFileType = file.storyboard; name = Base; path = Base.lproj/LaunchScreen.storyboard; sourceTree = "<group>"; };
		30AF6C78233DAD59006E3A2F /* Info.plist */ = {isa = PBXFileReference; lastKnownFileType = text.plist.xml; path = Info.plist; sourceTree = "<group>"; };
		30AF6C7D233DAD59006E3A2F /* im-iosTests.xctest */ = {isa = PBXFileReference; explicitFileType = wrapper.cfbundle; includeInIndex = 0; path = "im-iosTests.xctest"; sourceTree = BUILT_PRODUCTS_DIR; };
		30AF6C81233DAD5A006E3A2F /* im_iosTests.swift */ = {isa = PBXFileReference; lastKnownFileType = sourcecode.swift; path = im_iosTests.swift; sourceTree = "<group>"; };
		30AF6C83233DAD5A006E3A2F /* Info.plist */ = {isa = PBXFileReference; lastKnownFileType = text.plist.xml; path = Info.plist; sourceTree = "<group>"; };
		30AF6C88233DAD5A006E3A2F /* im-iosUITests.xctest */ = {isa = PBXFileReference; explicitFileType = wrapper.cfbundle; includeInIndex = 0; path = "im-iosUITests.xctest"; sourceTree = BUILT_PRODUCTS_DIR; };
		30AF6C8C233DAD5A006E3A2F /* im_iosUITests.swift */ = {isa = PBXFileReference; lastKnownFileType = sourcecode.swift; path = im_iosUITests.swift; sourceTree = "<group>"; };
		30AF6C8E233DAD5A006E3A2F /* Info.plist */ = {isa = PBXFileReference; lastKnownFileType = text.plist.xml; path = Info.plist; sourceTree = "<group>"; };
/* End PBXFileReference section */

/* Begin PBXFrameworksBuildPhase section */
		30AF6C64233DAD57006E3A2F /* Frameworks */ = {
			isa = PBXFrameworksBuildPhase;
			buildActionMask = 2147483647;
			files = (
			);
			runOnlyForDeploymentPostprocessing = 0;
		};
		30AF6C7A233DAD59006E3A2F /* Frameworks */ = {
			isa = PBXFrameworksBuildPhase;
			buildActionMask = 2147483647;
			files = (
			);
			runOnlyForDeploymentPostprocessing = 0;
		};
		30AF6C85233DAD5A006E3A2F /* Frameworks */ = {
			isa = PBXFrameworksBuildPhase;
			buildActionMask = 2147483647;
			files = (
			);
			runOnlyForDeploymentPostprocessing = 0;
		};
/* End PBXFrameworksBuildPhase section */

/* Begin PBXGroup section */
		30AF6C5E233DAD57006E3A2F = {
			isa = PBXGroup;
			children = (
				30AF6C69233DAD57006E3A2F /* im-ios */,
				30AF6C80233DAD59006E3A2F /* im-iosTests */,
				30AF6C8B233DAD5A006E3A2F /* im-iosUITests */,
				30AF6C68233DAD57006E3A2F /* Products */,
			);
			sourceTree = "<group>";
		};
		30AF6C68233DAD57006E3A2F /* Products */ = {
			isa = PBXGroup;
			children = (
				30AF6C67233DAD57006E3A2F /* im-ios.app */,
				30AF6C7D233DAD59006E3A2F /* im-iosTests.xctest */,
				30AF6C88233DAD5A006E3A2F /* im-iosUITests.xctest */,
			);
			name = Products;
			sourceTree = "<group>";
		};
		30AF6C69233DAD57006E3A2F /* im-ios */ = {
			isa = PBXGroup;
			children = (
				30AF6C6A233DAD57006E3A2F /* AppDelegate.swift */,
				30AF6C6C233DAD57006E3A2F /* SceneDelegate.swift */,
				30AF6C6E233DAD57006E3A2F /* ContentView.swift */,
				30AF6C70233DAD59006E3A2F /* Assets.xcassets */,
				30AF6C75233DAD59006E3A2F /* LaunchScreen.storyboard */,
				30AF6C78233DAD59006E3A2F /* Info.plist */,
				30AF6C72233DAD59006E3A2F /* Preview Content */,
			);
			path = "im-ios";
			sourceTree = "<group>";
		};
		30AF6C72233DAD59006E3A2F /* Preview Content */ = {
			isa = PBXGroup;
			children = (
				30AF6C73233DAD59006E3A2F /* Preview Assets.xcassets */,
			);
			path = "Preview Content";
			sourceTree = "<group>";
		};
		30AF6C80233DAD59006E3A2F /* im-iosTests */ = {
			isa = PBXGroup;
			children = (
				30AF6C81233DAD5A006E3A2F /* im_iosTests.swift */,
				30AF6C83233DAD5A006E3A2F /* Info.plist */,
			);
			path = "im-iosTests";
			sourceTree = "<group>";
		};
		30AF6C8B233DAD5A006E3A2F /* im-iosUITests */ = {
			isa = PBXGroup;
			children = (
				30AF6C8C233DAD5A006E3A2F /* im_iosUITests.swift */,
				30AF6C8E233DAD5A006E3A2F /* Info.plist */,
			);
			path = "im-iosUITests";
			sourceTree = "<group>";
		};
/* End PBXGroup section */

/* Begin PBXNativeTarget section */
		30AF6C66233DAD57006E3A2F /* im-ios */ = {
			isa = PBXNativeTarget;
			buildConfigurationList = 30AF6C91233DAD5A006E3A2F /* Build configuration list for PBXNativeTarget "im-ios" */;
			buildPhases = (
				30AF6C63233DAD57006E3A2F /* Sources */,
				30AF6C64233DAD57006E3A2F /* Frameworks */,
				30AF6C65233DAD57006E3A2F /* Resources */,
			);
			buildRules = (
			);
			dependencies = (
			);
			name = "im-ios";
			productName = "im-ios";
			productReference = 30AF6C67233DAD57006E3A2F /* im-ios.app */;
			productType = "com.apple.product-type.application";
		};
		30AF6C7C233DAD59006E3A2F /* im-iosTests */ = {
			isa = PBXNativeTarget;
			buildConfigurationList = 30AF6C94233DAD5A006E3A2F /* Build configuration list for PBXNativeTarget "im-iosTests" */;
			buildPhases = (
				30AF6C79233DAD59006E3A2F /* Sources */,
				30AF6C7A233DAD59006E3A2F /* Frameworks */,
				30AF6C7B233DAD59006E3A2F /* Resources */,
			);
			buildRules = (
			);
			dependencies = (
				30AF6C7F233DAD59006E3A2F /* PBXTargetDependency */,
			);
			name = "im-iosTests";
			productName = "im-iosTests";
			productReference = 30AF6C7D233DAD59006E3A2F /* im-iosTests.xctest */;
			productType = "com.apple.product-type.bundle.unit-test";
		};
		30AF6C87233DAD5A006E3A2F /* im-iosUITests */ = {
			isa = PBXNativeTarget;
			buildConfigurationList = 30AF6C97233DAD5A006E3A2F /* Build configuration list for PBXNativeTarget "im-iosUITests" */;
			buildPhases = (
				30AF6C84233DAD5A006E3A2F /* Sources */,
				30AF6C85233DAD5A006E3A2F /* Frameworks */,
				30AF6C86233DAD5A006E3A2F /* Resources */,
			);
			buildRules = (
			);
			dependencies = (
				30AF6C8A233DAD5A006E3A2F /* PBXTargetDependency */,
			);
			name = "im-iosUITests";
			productName = "im-iosUITests";
			productReference = 30AF6C88233DAD5A006E3A2F /* im-iosUITests.xctest */;
			productType = "com.apple.product-type.bundle.ui-testing";
		};
/* End PBXNativeTarget section */

/* Begin PBXProject section */
		30AF6C5F233DAD57006E3A2F /* Project object */ = {
			isa = PBXProject;
			attributes = {
				LastSwiftUpdateCheck = 1100;
				LastUpgradeCheck = 1100;
				ORGANIZATIONNAME = IISquare;
				TargetAttributes = {
					30AF6C66233DAD57006E3A2F = {
						CreatedOnToolsVersion = 11.0;
					};
					30AF6C7C233DAD59006E3A2F = {
						CreatedOnToolsVersion = 11.0;
						TestTargetID = 30AF6C66233DAD57006E3A2F;
					};
					30AF6C87233DAD5A006E3A2F = {
						CreatedOnToolsVersion = 11.0;
						TestTargetID = 30AF6C66233DAD57006E3A2F;
					};
				};
			};
			buildConfigurationList = 30AF6C62233DAD57006E3A2F /* Build configuration list for PBXProject "im-ios" */;
			compatibilityVersion = "Xcode 9.3";
			developmentRegion = en;
			hasScannedForEncodings = 0;
			knownRegions = (
				en,
				Base,
			);
			mainGroup = 30AF6C5E233DAD57006E3A2F;
			productRefGroup = 30AF6C68233DAD57006E3A2F /* Products */;
			projectDirPath = "";
			projectRoot = "";
			targets = (
				30AF6C66233DAD57006E3A2F /* im-ios */,
				30AF6C7C233DAD59006E3A2F /* im-iosTests */,
				30AF6C87233DAD5A006E3A2F /* im-iosUITests */,
			);
		};
/* End PBXProject section */

/* Begin PBXResourcesBuildPhase section */
		30AF6C65233DAD57006E3A2F /* Resources */ = {
			isa = PBXResourcesBuildPhase;
			buildActionMask = 2147483647;
			files = (
				30AF6C77233DAD59006E3A2F /* LaunchScreen.storyboard in Resources */,
				30AF6C74233DAD59006E3A2F /* Preview Assets.xcassets in Resources */,
				30AF6C71233DAD59006E3A2F /* Assets.xcassets in Resources */,
			);
			runOnlyForDeploymentPostprocessing = 0;
		};
		30AF6C7B233DAD59006E3A2F /* Resources */ = {
			isa = PBXResourcesBuildPhase;
			buildActionMask = 2147483647;
			files = (
			);
			runOnlyForDeploymentPostprocessing = 0;
		};
		30AF6C86233DAD5A006E3A2F /* Resources */ = {
			isa = PBXResourcesBuildPhase;
			buildActionMask = 2147483647;
			files = (
			);
			runOnlyForDeploymentPostprocessing = 0;
		};
/* End PBXResourcesBuildPhase section */

/* Begin PBXSourcesBuildPhase section */
		30AF6C63233DAD57006E3A2F /* Sources */ = {
			isa = PBXSourcesBuildPhase;
			buildActionMask = 2147483647;
			files = (
				30AF6C6B233DAD57006E3A2F /* AppDelegate.swift in Sources */,
				30AF6C6D233DAD57006E3A2F /* SceneDelegate.swift in Sources */,
				30AF6C6F233DAD57006E3A2F /* ContentView.swift in Sources */,
			);
			runOnlyForDeploymentPostprocessing = 0;
		};
		30AF6C79233DAD59006E3A2F /* Sources */ = {
			isa = PBXSourcesBuildPhase;
			buildActionMask = 2147483647;
			files = (
				30AF6C82233DAD5A006E3A2F /* im_iosTests.swift in Sources */,
			);
			runOnlyForDeploymentPostprocessing = 0;
		};
		30AF6C84233DAD5A006E3A2F /* Sources */ = {
			isa = PBXSourcesBuildPhase;
			buildActionMask = 2147483647;
			files = (
				30AF6C8D233DAD5A006E3A2F /* im_iosUITests.swift in Sources */,
			);
			runOnlyForDeploymentPostprocessing = 0;
		};
/* End PBXSourcesBuildPhase section */

/* Begin PBXTargetDependency section */
		30AF6C7F233DAD59006E3A2F /* PBXTargetDependency */ = {
			isa = PBXTargetDependency;
			target = 30AF6C66233DAD57006E3A2F /* im-ios */;
			targetProxy = 30AF6C7E233DAD59006E3A2F /* PBXContainerItemProxy */;
		};
		30AF6C8A233DAD5A006E3A2F /* PBXTargetDependency */ = {
			isa = PBXTargetDependency;
			target = 30AF6C66233DAD57006E3A2F /* im-ios */;
			targetProxy = 30AF6C89233DAD5A006E3A2F /* PBXContainerItemProxy */;
		};
/* End PBXTargetDependency section */

/* Begin PBXVariantGroup section */
		30AF6C75233DAD59006E3A2F /* LaunchScreen.storyboard */ = {
			isa = PBXVariantGroup;
			children = (
				30AF6C76233DAD59006E3A2F /* Base */,
			);
			name = LaunchScreen.storyboard;
			sourceTree = "<group>";
		};
/* End PBXVariantGroup section */

/* Begin XCBuildConfiguration section */
		30AF6C8F233DAD5A006E3A2F /* Debug */ = {
			isa = XCBuildConfiguration;
			buildSettings = {
				ALWAYS_SEARCH_USER_PATHS = NO;
				CLANG_ANALYZER_NONNULL = YES;
				CLANG_ANALYZER_NUMBER_OBJECT_CONVERSION = YES_AGGRESSIVE;
				CLANG_CXX_LANGUAGE_STANDARD = "gnu++14";
				CLANG_CXX_LIBRARY = "libc++";
				CLANG_ENABLE_MODULES = YES;
				CLANG_ENABLE_OBJC_ARC = YES;
				CLANG_ENABLE_OBJC_WEAK = YES;
				CLANG_WARN_BLOCK_CAPTURE_AUTORELEASING = YES;
				CLANG_WARN_BOOL_CONVERSION = YES;
				CLANG_WARN_COMMA = YES;
				CLANG_WARN_CONSTANT_CONVERSION = YES;
				CLANG_WARN_DEPRECATED_OBJC_IMPLEMENTATIONS = YES;
				CLANG_WARN_DIRECT_OBJC_ISA_USAGE = YES_ERROR;
				CLANG_WARN_DOCUMENTATION_COMMENTS = YES;
				CLANG_WARN_EMPTY_BODY = YES;
				CLANG_WARN_ENUM_CONVERSION = YES;
				CLANG_WARN_INFINITE_RECURSION = YES;
				CLANG_WARN_INT_CONVERSION = YES;
				CLANG_WARN_NON_LITERAL_NULL_CONVERSION = YES;
				CLANG_WARN_OBJC_IMPLICIT_RETAIN_SELF = YES;
				CLANG_WARN_OBJC_LITERAL_CONVERSION = YES;
				CLANG_WARN_OBJC_ROOT_CLASS = YES_ERROR;
				CLANG_WARN_RANGE_LOOP_ANALYSIS = YES;
				CLANG_WARN_STRICT_PROTOTYPES = YES;
				CLANG_WARN_SUSPICIOUS_MOVE = YES;
				CLANG_WARN_UNGUARDED_AVAILABILITY = YES_AGGRESSIVE;
				CLANG_WARN_UNREACHABLE_CODE = YES;
				CLANG_WARN__DUPLICATE_METHOD_MATCH = YES;
				COPY_PHASE_STRIP = NO;
				DEBUG_INFORMATION_FORMAT = dwarf;
				ENABLE_STRICT_OBJC_MSGSEND = YES;
				ENABLE_TESTABILITY = YES;
				GCC_C_LANGUAGE_STANDARD = gnu11;
				GCC_DYNAMIC_NO_PIC = NO;
				GCC_NO_COMMON_BLOCKS = YES;
				GCC_OPTIMIZATION_LEVEL = 0;
				GCC_PREPROCESSOR_DEFINITIONS = (
					"DEBUG=1",
					"$(inherited)",
				);
				GCC_WARN_64_TO_32_BIT_CONVERSION = YES;
				GCC_WARN_ABOUT_RETURN_TYPE = YES_ERROR;
				GCC_WARN_UNDECLARED_SELECTOR = YES;
				GCC_WARN_UNINITIALIZED_AUTOS = YES_AGGRESSIVE;
				GCC_WARN_UNUSED_FUNCTION = YES;
				GCC_WARN_UNUSED_VARIABLE = YES;
				IPHONEOS_DEPLOYMENT_TARGET = 13.0;
				MTL_ENABLE_DEBUG_INFO = INCLUDE_SOURCE;
				MTL_FAST_MATH = YES;
				ONLY_ACTIVE_ARCH = YES;
				SDKROOT = iphoneos;
				SWIFT_ACTIVE_COMPILATION_CONDITIONS = DEBUG;
				SWIFT_OPTIMIZATION_LEVEL = "-Onone";
			};
			name = Debug;
		};
		30AF6C90233DAD5A006E3A2F /* Release */ = {
			isa = XCBuildConfiguration;
			buildSettings = {
				ALWAYS_SEARCH_USER_PATHS = NO;
				CLANG_ANALYZER_NONNULL = YES;
				CLANG_ANALYZER_NUMBER_OBJECT_CONVERSION = YES_AGGRESSIVE;
				CLANG_CXX_LANGUAGE_STANDARD = "gnu++14";
				CLANG_CXX_LIBRARY = "libc++";
				CLANG_ENABLE_MODULES = YES;
				CLANG_ENABLE_OBJC_ARC = YES;
				CLANG_ENABLE_OBJC_WEAK = YES;
				CLANG_WARN_BLOCK_CAPTURE_AUTORELEASING = YES;
				CLANG_WARN_BOOL_CONVERSION = YES;
				CLANG_WARN_COMMA = YES;
				CLANG_WARN_CONSTANT_CONVERSION = YES;
				CLANG_WARN_DEPRECATED_OBJC_IMPLEMENTATIONS = YES;
				CLANG_WARN_DIRECT_OBJC_ISA_USAGE = YES_ERROR;
				CLANG_WARN_DOCUMENTATION_COMMENTS = YES;
				CLANG_WARN_EMPTY_BODY = YES;
				CLANG_WARN_ENUM_CONVERSION = YES;
				CLANG_WARN_INFINITE_RECURSION = YES;
				CLANG_WARN_INT_CONVERSION = YES;
				CLANG_WARN_NON_LITERAL_NULL_CONVERSION = YES;
				CLANG_WARN_OBJC_IMPLICIT_RETAIN_SELF = YES;
				CLANG_WARN_OBJC_LITERAL_CONVERSION = YES;
				CLANG_WARN_OBJC_ROOT_CLASS = YES_ERROR;
				CLANG_WARN_RANGE_LOOP_ANALYSIS = YES;
				CLANG_WARN_STRICT_PROTOTYPES = YES;
				CLANG_WARN_SUSPICIOUS_MOVE = YES;
				CLANG_WARN_UNGUARDED_AVAILABILITY = YES_AGGRESSIVE;
				CLANG_WARN_UNREACHABLE_CODE = YES;
				CLANG_WARN__DUPLICATE_METHOD_MATCH = YES;
				COPY_PHASE_STRIP = NO;
				DEBUG_INFORMATION_FORMAT = "dwarf-with-dsym";
				ENABLE_NS_ASSERTIONS = NO;
				ENABLE_STRICT_OBJC_MSGSEND = YES;
				GCC_C_LANGUAGE_STANDARD = gnu11;
				GCC_NO_COMMON_BLOCKS = YES;
				GCC_WARN_64_TO_32_BIT_CONVERSION = YES;
				GCC_WARN_ABOUT_RETURN_TYPE = YES_ERROR;
				GCC_WARN_UNDECLARED_SELECTOR = YES;
				GCC_WARN_UNINITIALIZED_AUTOS = YES_AGGRESSIVE;
				GCC_WARN_UNUSED_FUNCTION = YES;
				GCC_WARN_UNUSED_VARIABLE = YES;
				IPHONEOS_DEPLOYMENT_TARGET = 13.0;
				MTL_ENABLE_DEBUG_INFO = NO;
				MTL_FAST_MATH = YES;
				SDKROOT = iphoneos;
				SWIFT_COMPILATION_MODE = wholemodule;
				SWIFT_OPTIMIZATION_LEVEL = "-O";
				VALIDATE_PRODUCT = YES;
			};
			name = Release;
		};
		30AF6C92233DAD5A006E3A2F /* Debug */ = {
			isa = XCBuildConfiguration;
			buildSettings = {
				ASSETCATALOG_COMPILER_APPICON_NAME = AppIcon;
				CODE_SIGN_STYLE = Automatic;
				DEVELOPMENT_ASSET_PATHS = "\"im-ios/Preview Content\"";
				ENABLE_PREVIEWS = YES;
				INFOPLIST_FILE = "im-ios/Info.plist";
				LD_RUNPATH_SEARCH_PATHS = (
					"$(inherited)",
					"@executable_path/Frameworks",
				);
				PRODUCT_BUNDLE_IDENTIFIER = "com.iisquare.im-ios";
				PRODUCT_NAME = "$(TARGET_NAME)";
				SWIFT_VERSION = 5.0;
				TARGETED_DEVICE_FAMILY = "1,2";
			};
			name = Debug;
		};
		30AF6C93233DAD5A006E3A2F /* Release */ = {
			isa = XCBuildConfiguration;
			buildSettings = {
				ASSETCATALOG_COMPILER_APPICON_NAME = AppIcon;
				CODE_SIGN_STYLE = Automatic;
				DEVELOPMENT_ASSET_PATHS = "\"im-ios/Preview Content\"";
				ENABLE_PREVIEWS = YES;
				INFOPLIST_FILE = "im-ios/Info.plist";
				LD_RUNPATH_SEARCH_PATHS = (
					"$(inherited)",
					"@executable_path/Frameworks",
				);
				PRODUCT_BUNDLE_IDENTIFIER = "com.iisquare.im-ios";
				PRODUCT_NAME = "$(TARGET_NAME)";
				SWIFT_VERSION = 5.0;
				TARGETED_DEVICE_FAMILY = "1,2";
			};
			name = Release;
		};
		30AF6C95233DAD5A006E3A2F /* Debug */ = {
			isa = XCBuildConfiguration;
			buildSettings = {
				ALWAYS_EMBED_SWIFT_STANDARD_LIBRARIES = YES;
				BUNDLE_LOADER = "$(TEST_HOST)";
				CODE_SIGN_STYLE = Automatic;
				INFOPLIST_FILE = "im-iosTests/Info.plist";
				IPHONEOS_DEPLOYMENT_TARGET = 13.0;
				LD_RUNPATH_SEARCH_PATHS = (
					"$(inherited)",
					"@executable_path/Frameworks",
					"@loader_path/Frameworks",
				);
				PRODUCT_BUNDLE_IDENTIFIER = "com.iisquare.im-iosTests";
				PRODUCT_NAME = "$(TARGET_NAME)";
				SWIFT_VERSION = 5.0;
				TARGETED_DEVICE_FAMILY = "1,2";
				TEST_HOST = "$(BUILT_PRODUCTS_DIR)/im-ios.app/im-ios";
			};
			name = Debug;
		};
		30AF6C96233DAD5A006E3A2F /* Release */ = {
			isa = XCBuildConfiguration;
			buildSettings = {
				ALWAYS_EMBED_SWIFT_STANDARD_LIBRARIES = YES;
				BUNDLE_LOADER = "$(TEST_HOST)";
				CODE_SIGN_STYLE = Automatic;
				INFOPLIST_FILE = "im-iosTests/Info.plist";
				IPHONEOS_DEPLOYMENT_TARGET = 13.0;
				LD_RUNPATH_SEARCH_PATHS = (
					"$(inherited)",
					"@executable_path/Frameworks",
					"@loader_path/Frameworks",
				);
				PRODUCT_BUNDLE_IDENTIFIER = "com.iisquare.im-iosTests";
				PRODUCT_NAME = "$(TARGET_NAME)";
				SWIFT_VERSION = 5.0;
				TARGETED_DEVICE_FAMILY = "1,2";
				TEST_HOST = "$(BUILT_PRODUCTS_DIR)/im-ios.app/im-ios";
			};
			name = Release;
		};
		30AF6C98233DAD5A006E3A2F /* Debug */ = {
			isa = XCBuildConfiguration;
			buildSettings = {
				ALWAYS_EMBED_SWIFT_STANDARD_LIBRARIES = YES;
				CODE_SIGN_STYLE = Automatic;
				INFOPLIST_FILE = "im-iosUITests/Info.plist";
				LD_RUNPATH_SEARCH_PATHS = (
					"$(inherited)",
					"@executable_path/Frameworks",
					"@loader_path/Frameworks",
				);
				PRODUCT_BUNDLE_IDENTIFIER = "com.iisquare.im-iosUITests";
				PRODUCT_NAME = "$(TARGET_NAME)";
				SWIFT_VERSION = 5.0;
				TARGETED_DEVICE_FAMILY = "1,2";
				TEST_TARGET_NAME = "im-ios";
			};
			name = Debug;
		};
		30AF6C99233DAD5A006E3A2F /* Release */ = {
			isa = XCBuildConfiguration;
			buildSettings = {
				ALWAYS_EMBED_SWIFT_STANDARD_LIBRARIES = YES;
				CODE_SIGN_STYLE = Automatic;
				INFOPLIST_FILE = "im-iosUITests/Info.plist";
				LD_RUNPATH_SEARCH_PATHS = (
					"$(inherited)",
					"@executable_path/Frameworks",
					"@loader_path/Frameworks",
				);
				PRODUCT_BUNDLE_IDENTIFIER = "com.iisquare.im-iosUITests";
				PRODUCT_NAME = "$(TARGET_NAME)";
				SWIFT_VERSION = 5.0;
				TARGETED_DEVICE_FAMILY = "1,2";
				TEST_TARGET_NAME = "im-ios";
			};
			name = Release;
		};
/* End XCBuildConfiguration section */

/* Begin XCConfigurationList section */
		30AF6C62233DAD57006E3A2F /* Build configuration list for PBXProject "im-ios" */ = {
			isa = XCConfigurationList;
			buildConfigurations = (
				30AF6C8F233DAD5A006E3A2F /* Debug */,
				30AF6C90233DAD5A006E3A2F /* Release */,
			);
			defaultConfigurationIsVisible = 0;
			defaultConfigurationName = Release;
		};
		30AF6C91233DAD5A006E3A2F /* Build configuration list for PBXNativeTarget "im-ios" */ = {
			isa = XCConfigurationList;
			buildConfigurations = (
				30AF6C92233DAD5A006E3A2F /* Debug */,
				30AF6C93233DAD5A006E3A2F /* Release */,
			);
			defaultConfigurationIsVisible = 0;
			defaultConfigurationName = Release;
		};
		30AF6C94233DAD5A006E3A2F /* Build configuration list for PBXNativeTarget "im-iosTests" */ = {
			isa = XCConfigurationList;
			buildConfigurations = (
				30AF6C95233DAD5A006E3A2F /* Debug */,
				30AF6C96233DAD5A006E3A2F /* Release */,
			);
			defaultConfigurationIsVisible = 0;
			defaultConfigurationName = Release;
		};
		30AF6C97233DAD5A006E3A2F /* Build configuration list for PBXNativeTarget "im-iosUITests" */ = {
			isa = XCConfigurationList;
			buildConfigurations = (
				30AF6C98233DAD5A006E3A2F /* Debug */,
				30AF6C99233DAD5A006E3A2F /* Release */,
			);
			defaultConfigurationIsVisible = 0;
			defaultConfigurationName = Release;
		};
/* End XCConfigurationList section */
	};
	rootObject = 30AF6C5F233DAD57006E3A2F /* Project object */;
}
